
Microsoft Visual Studio Solution File, Format Version 12.00
# Visual Studio Version 16
VisualStudioVersion = 16.0.30907.101
MinimumVisualStudioVersion = 10.0.40219.1
Project("{FAE04EC0-301F-11D3-BF4B-00C04F79EFBC}") = "clase02", "clase02\clase02.csproj", "{FCB35821-1B92-4E57-A657-EFD6F9F7E4F9}"
EndProject
Project("{FAE04EC0-301F-11D3-BF4B-00C04F79EFBC}") = "ClassLibrary1", "ClassLibrary1\ClassLibrary1.csproj", "{59CFCF68-D59D-4422-A311-8079325468AE}"
EndProject
Project("{2150E333-8FDC-42A3-9474-1A3956D46DE8}") = "Ejercicio 11", "Ejercicio 11", "{BB43D58C-359A-4BBD-89F8-E1060FCFDAC9}"
EndProject
Project("{2150E333-8FDC-42A3-9474-1A3956D46DE8}") = "Ejercicio 12", "Ejercicio 12", "{CB39305F-D4EE-4AEC-AEE8-1D7B72E41DF8}"
EndProject
Project("{FAE04EC0-301F-11D3-BF4B-00C04F79EFBC}") = "Ejercicio12", "Ejercicio12\Ejercicio12.csproj", "{517B0211-336A-4B86-9F4E-8B2643D0E9B2}"
EndProject
Project("{FAE04EC0-301F-11D3-BF4B-00C04F79EFBC}") = "ValidarRespuesta", "ValidarRespuesta\ValidarRespuesta.csproj", "{10DF42C6-A58D-4B3F-BE62-FBE63CDA0D9E}"
EndProject
Project("{2150E333-8FDC-42A3-9474-1A3956D46DE8}") = "Ejercicio 01", "Ejercicio 01", "{69D51D22-7113-4264-B581-AF78229EBC7B}"
EndProject
Project("{FAE04EC0-301F-11D3-BF4B-00C04F79EFBC}") = "Ejercicio01", "Ejercicio01\Ejercicio01.csproj", "{39E9CEF7-A5DA-479D-A945-C072A2E1DA76}"
EndProject
Project("{2150E333-8FDC-42A3-9474-1A3956D46DE8}") = "Ejercicio 02", "Ejercicio 02", "{8B487381-C9D3-4185-BA10-9DBBDF7E4BFE}"
EndProject
Project("{FAE04EC0-301F-11D3-BF4B-00C04F79EFBC}") = "Ejercicio02", "Ejercicio02\Ejercicio02.csproj", "{E0B48E01-BB29-466A-8E72-8182296E154C}"
EndProject
Project("{2150E333-8FDC-42A3-9474-1A3956D46DE8}") = "Ejercicio 03", "Ejercicio 03", "{1789DA92-C7BA-4200-A964-6F0D3447B8D0}"
EndProject
Project("{FAE04EC0-301F-11D3-BF4B-00C04F79EFBC}") = "Ejercicio03", "Ejercicio03\Ejercicio03.csproj", "{3BDD9069-12C7-440D-AA26-47C3E03D3B78}"
EndProject
Project("{2150E333-8FDC-42A3-9474-1A3956D46DE8}") = "Ejercicio 04", "Ejercicio 04", "{2220A118-83BA-44CC-A16A-35C42988B6F1}"
EndProject
Project("{FAE04EC0-301F-11D3-BF4B-00C04F79EFBC}") = "Ejercicio04", "Ejercicio04\Ejercicio04.csproj", "{0BB497EA-57C1-4C91-A298-6FC6DD85C903}"
EndProject
Project("{2150E333-8FDC-42A3-9474-1A3956D46DE8}") = "Ejercicio 05", "Ejercicio 05", "{1D3FF240-C115-4CFB-9301-56041D8B6FAC}"
EndProject
Project("{FAE04EC0-301F-11D3-BF4B-00C04F79EFBC}") = "ConsoleApp1", "ConsoleApp1\ConsoleApp1.csproj", "{51E27E00-018A-4584-8FC3-3A7482A80A38}"
EndProject
Project("{2150E333-8FDC-42A3-9474-1A3956D46DE8}") = "Ejercicio 19", "Ejercicio 19", "{15FED092-16CE-40C6-8C62-7D14ACA1A9C1}"
EndProject
Project("{FAE04EC0-301F-11D3-BF4B-00C04F79EFBC}") = "Ejercicio19", "Ejercicio19\Ejercicio19.csproj", "{E1C87BE9-912D-4894-8352-516C87BB649A}"
EndProject
Project("{FAE04EC0-301F-11D3-BF4B-00C04F79EFBC}") = "Biblioteca", "Biblioteca\Biblioteca.csproj", "{8AD9FD74-4F00-4CC9-B073-C583D24E59BA}"
EndProject
Project("{2150E333-8FDC-42A3-9474-1A3956D46DE8}") = "Ejercicio 20", "Ejercicio 20", "{F8C82FFD-4733-41AA-8564-F09B641FBBD9}"
EndProject
Project("{FAE04EC0-301F-11D3-BF4B-00C04F79EFBC}") = "Ejercicio20", "Ejercicio20\Ejercicio20.csproj", "{A58665DD-E719-4EC3-84F1-06DF588F5AC5}"
EndProject
Project("{FAE04EC0-301F-11D3-BF4B-00C04F79EFBC}") = "Billetes", "Billetes\Billetes.csproj", "{42A74696-D88B-499C-882B-4858DD5B1C2C}"
EndProject
Global
	GlobalSection(SolutionConfigurationPlatforms) = preSolution
		Debug|Any CPU = Debug|Any CPU
		Release|Any CPU = Release|Any CPU
	EndGlobalSection
	GlobalSection(ProjectConfigurationPlatforms) = postSolution
		{FCB35821-1B92-4E57-A657-EFD6F9F7E4F9}.Debug|Any CPU.ActiveCfg = Debug|Any CPU
		{FCB35821-1B92-4E57-A657-EFD6F9F7E4F9}.Debug|Any CPU.Build.0 = Debug|Any CPU
		{FCB35821-1B92-4E57-A657-EFD6F9F7E4F9}.Release|Any CPU.ActiveCfg = Release|Any CPU
		{FCB35821-1B92-4E57-A657-EFD6F9F7E4F9}.Release|Any CPU.Build.0 = Release|Any CPU
		{59CFCF68-D59D-4422-A311-8079325468AE}.Debug|Any CPU.ActiveCfg = Debug|Any CPU
		{59CFCF68-D59D-4422-A311-8079325468AE}.Debug|Any CPU.Build.0 = Debug|Any CPU
		{59CFCF68-D59D-4422-A311-8079325468AE}.Release|Any CPU.ActiveCfg = Release|Any CPU
		{59CFCF68-D59D-4422-A311-8079325468AE}.Release|Any CPU.Build.0 = Release|Any CPU
		{517B0211-336A-4B86-9F4E-8B2643D0E9B2}.Debug|Any CPU.ActiveCfg = Debug|Any CPU
		{517B0211-336A-4B86-9F4E-8B2643D0E9B2}.Debug|Any CPU.Build.0 = Debug|Any CPU
		{517B0211-336A-4B86-9F4E-8B2643D0E9B2}.Release|Any CPU.ActiveCfg = Release|Any CPU
		{517B0211-336A-4B86-9F4E-8B2643D0E9B2}.Release|Any CPU.Build.0 = Release|Any CPU
		{10DF42C6-A58D-4B3F-BE62-FBE63CDA0D9E}.Debug|Any CPU.ActiveCfg = Debug|Any CPU
		{10DF42C6-A58D-4B3F-BE62-FBE63CDA0D9E}.Debug|Any CPU.Build.0 = Debug|Any CPU
		{10DF42C6-A58D-4B3F-BE62-FBE63CDA0D9E}.Release|Any CPU.ActiveCfg = Release|Any CPU
		{10DF42C6-A58D-4B3F-BE62-FBE63CDA0D9E}.Release|Any CPU.Build.0 = Release|Any CPU
		{39E9CEF7-A5DA-479D-A945-C072A2E1DA76}.Debug|Any CPU.ActiveCfg = Debug|Any CPU
		{39E9CEF7-A5DA-479D-A945-C072A2E1DA76}.Debug|Any CPU.Build.0 = Debug|Any CPU
		{39E9CEF7-A5DA-479D-A945-C072A2E1DA76}.Release|Any CPU.ActiveCfg = Release|Any CPU
		{39E9CEF7-A5DA-479D-A945-C072A2E1DA76}.Release|Any CPU.Build.0 = Release|Any CPU
		{E0B48E01-BB29-466A-8E72-8182296E154C}.Debug|Any CPU.ActiveCfg = Debug|Any CPU
		{E0B48E01-BB29-466A-8E72-8182296E154C}.Debug|Any CPU.Build.0 = Debug|Any CPU
		{E0B48E01-BB29-466A-8E72-8182296E154C}.Release|Any CPU.ActiveCfg = Release|Any CPU
		{E0B48E01-BB29-466A-8E72-8182296E154C}.Release|Any CPU.Build.0 = Release|Any CPU
		{3BDD9069-12C7-440D-AA26-47C3E03D3B78}.Debug|Any CPU.ActiveCfg = Debug|Any CPU
		{3BDD9069-12C7-440D-AA26-47C3E03D3B78}.Debug|Any CPU.Build.0 = Debug|Any CPU
		{3BDD9069-12C7-440D-AA26-47C3E03D3B78}.Release|Any CPU.ActiveCfg = Release|Any CPU
		{3BDD9069-12C7-440D-AA26-47C3E03D3B78}.Release|Any CPU.Build.0 = Release|Any CPU
		{0BB497EA-57C1-4C91-A298-6FC6DD85C903}.Debug|Any CPU.ActiveCfg = Debug|Any CPU
		{0BB497EA-57C1-4C91-A298-6FC6DD85C903}.Debug|Any CPU.Build.0 = Debug|Any CPU
		{0BB497EA-57C1-4C91-A298-6FC6DD85C903}.Release|Any CPU.ActiveCfg = Release|Any CPU
		{0BB497EA-57C1-4C91-A298-6FC6DD85C903}.Release|Any CPU.Build.0 = Release|Any CPU
		{51E27E00-018A-4584-8FC3-3A7482A80A38}.Debug|Any CPU.ActiveCfg = Debug|Any CPU
		{51E27E00-018A-4584-8FC3-3A7482A80A38}.Debug|Any CPU.Build.0 = Debug|Any CPU
		{51E27E00-018A-4584-8FC3-3A7482A80A38}.Release|Any CPU.ActiveCfg = Release|Any CPU
		{51E27E00-018A-4584-8FC3-3A7482A80A38}.Release|Any CPU.Build.0 = Release|Any CPU
		{E1C87BE9-912D-4894-8352-516C87BB649A}.Debug|Any CPU.ActiveCfg = Debug|Any CPU
		{E1C87BE9-912D-4894-8352-516C87BB649A}.Debug|Any CPU.Build.0 = Debug|Any CPU
		{E1C87BE9-912D-4894-8352-516C87BB649A}.Release|Any CPU.ActiveCfg = Release|Any CPU
		{E1C87BE9-912D-4894-8352-516C87BB649A}.Release|Any CPU.Build.0 = Release|Any CPU
		{8AD9FD74-4F00-4CC9-B073-C583D24E59BA}.Debug|Any CPU.ActiveCfg = Debug|Any CPU
		{8AD9FD74-4F00-4CC9-B073-C583D24E59BA}.Debug|Any CPU.Build.0 = Debug|Any CPU
		{8AD9FD74-4F00-4CC9-B073-C583D24E59BA}.Release|Any CPU.ActiveCfg = Release|Any CPU
		{8AD9FD74-4F00-4CC9-B073-C583D24E59BA}.Release|Any CPU.Build.0 = Release|Any CPU
		{A58665DD-E719-4EC3-84F1-06DF588F5AC5}.Debug|Any CPU.ActiveCfg = Debug|Any CPU
		{A58665DD-E719-4EC3-84F1-06DF588F5AC5}.Debug|Any CPU.Build.0 = Debug|Any CPU
		{A58665DD-E719-4EC3-84F1-06DF588F5AC5}.Release|Any CPU.ActiveCfg = Release|Any CPU
		{A58665DD-E719-4EC3-84F1-06DF588F5AC5}.Release|Any CPU.Build.0 = Release|Any CPU
		{42A74696-D88B-499C-882B-4858DD5B1C2C}.Debug|Any CPU.ActiveCfg = Debug|Any CPU
		{42A74696-D88B-499C-882B-4858DD5B1C2C}.Debug|Any CPU.Build.0 = Debug|Any CPU
		{42A74696-D88B-499C-882B-4858DD5B1C2C}.Release|Any CPU.ActiveCfg = Release|Any CPU
		{42A74696-D88B-499C-882B-4858DD5B1C2C}.Release|Any CPU.Build.0 = Release|Any CPU
	EndGlobalSection
	GlobalSection(SolutionProperties) = preSolution
		HideSolutionNode = FALSE
	EndGlobalSection
	GlobalSection(NestedProjects) = preSolution
		{FCB35821-1B92-4E57-A657-EFD6F9F7E4F9} = {BB43D58C-359A-4BBD-89F8-E1060FCFDAC9}
		{59CFCF68-D59D-4422-A311-8079325468AE} = {BB43D58C-359A-4BBD-89F8-E1060FCFDAC9}
		{517B0211-336A-4B86-9F4E-8B2643D0E9B2} = {CB39305F-D4EE-4AEC-AEE8-1D7B72E41DF8}
		{10DF42C6-A58D-4B3F-BE62-FBE63CDA0D9E} = {CB39305F-D4EE-4AEC-AEE8-1D7B72E41DF8}
		{39E9CEF7-A5DA-479D-A945-C072A2E1DA76} = {69D51D22-7113-4264-B581-AF78229EBC7B}
		{E0B48E01-BB29-466A-8E72-8182296E154C} = {8B487381-C9D3-4185-BA10-9DBBDF7E4BFE}
		{3BDD9069-12C7-440D-AA26-47C3E03D3B78} = {1789DA92-C7BA-4200-A964-6F0D3447B8D0}
		{0BB497EA-57C1-4C91-A298-6FC6DD85C903} = {2220A118-83BA-44CC-A16A-35C42988B6F1}
		{51E27E00-018A-4584-8FC3-3A7482A80A38} = {1D3FF240-C115-4CFB-9301-56041D8B6FAC}
		{E1C87BE9-912D-4894-8352-516C87BB649A} = {15FED092-16CE-40C6-8C62-7D14ACA1A9C1}
		{8AD9FD74-4F00-4CC9-B073-C583D24E59BA} = {15FED092-16CE-40C6-8C62-7D14ACA1A9C1}
		{A58665DD-E719-4EC3-84F1-06DF588F5AC5} = {F8C82FFD-4733-41AA-8564-F09B641FBBD9}
		{42A74696-D88B-499C-882B-4858DD5B1C2C} = {F8C82FFD-4733-41AA-8564-F09B641FBBD9}
	EndGlobalSection
	GlobalSection(ExtensibilityGlobals) = postSolution
		SolutionGuid = {A1080F07-E474-4A89-9A8A-80EC78D5F37B}
	EndGlobalSection
EndGlobal
